{
  "name": "abrusco",
  "version": "0.25.0",
  "lockfileVersion": 3,
  "requires": true,
  "packages": {
    "": {
      "name": "abrusco",
      "version": "0.25.0",
      "license": "MIT",
      "dependencies": {
        "reset-css": "^5.0.1"
      },
      "devDependencies": {
        "prettier": "~3.0.0"
      }
    },
    "node_modules/prettier": {
      "version": "3.0.3",
      "resolved": "https://registry.npmjs.org/prettier/-/prettier-3.0.3.tgz",
      "integrity": "sha512-L/4pUDMxcNa8R/EthV08Zt42WBO4h1rarVtK0K+QJG0X187OLo7l699jWw0GKuwzkPQ//jMFA/8Xm6Fh3J/DAg==",
      "dev": true,
      "bin": {
        "prettier": "bin/prettier.cjs"
      },
      "engines": {
        "node": ">=14"
      },
      "funding": {
        "url": "https://github.com/prettier/prettier?sponsor=1"
      }
    },
    "node_modules/reset-css": {
      "version": "5.0.2",
      "resolved": "https://registry.npmjs.org/reset-css/-/reset-css-5.0.2.tgz",
      "integrity": "sha512-YtgUGSq5z5W0NPSjsBW7ys7rtWa8P8AiE7S6Fg3d1TQCPpAodgYyLuZYlU0AOsLtprk/fC9ormHN/0pAavVIDw=="
    }
  }
}
